# This file is autogenerated, do not edit; changes may be undone by the next 'dep ensure'.


[[projects]]
  name = "github.com/davecgh/go-spew"
  packages = ["spew"]
  revision = "346938d642f2ec3594ed81d874461961cd0faa76"
  version = "v1.1.0"

[[projects]]
  name = "github.com/gogo/protobuf"
  packages = ["gogoproto","proto","protoc-gen-gogo/descriptor"]
  revision = "100ba4e885062801d56799d78530b73b178a78f3"
  version = "v0.4"

[[projects]]
  branch = "master"
  name = "github.com/golang/protobuf"
  packages = ["proto","ptypes/any"]
  revision = "6a1fa9404c0aebf36c879bc50152edcc953910d2"

[[projects]]
  branch = "master"
  name = "golang.org/x/net"
  packages = ["context","http2","http2/hpack","idna","internal/timeseries","lex/httplex","trace"]
  revision = "f01ecb60fe3835d80d9a0b7b2bf24b228c89260e"

[[projects]]
  branch = "master"
  name = "golang.org/x/text"
  packages = ["internal/gen","internal/triegen","internal/ucd","secure/bidirule","transform","unicode/bidi","unicode/cldr","unicode/norm","unicode/rangetable"]
  revision = "cfdf022e86b4ecfb646e1efbd7db175dd623a8fa"

[[projects]]
  branch = "master"
  name = "golang.org/x/tools"
  packages = ["cmd/guru/serial","container/intsets","go/ast/astutil","go/buildutil","go/callgraph","go/callgraph/static","go/loader","go/pointer","go/ssa","go/ssa/ssautil","go/types/typeutil","refactor/importgraph"]
  revision = "bce9606b3f617bc6280aab6abbf25962c23f398d"

[[projects]]
  branch = "master"
  name = "google.golang.org/genproto"
  packages = ["googleapis/rpc/status"]
  revision = "b0a3dcfcd1a9bd48e63634bd8802960804cf8315"

[[projects]]
  branch = "master"
  name = "google.golang.org/grpc"
  packages = [".","codes","credentials","grpclb/grpc_lb_v1","grpclog","internal","keepalive","metadata","naming","peer","stats","status","tap","transport"]
  revision = "8264d619d80050c74e3ced8229869f525f9b877a"

[solve-meta]
  analyzer-name = "dep"
  analyzer-version = 1
  inputs-digest = "2080e19b08a0777bf7070d69ae8a91d2bb451f660be9bb4b676d9383ac657f8d"
  solver-name = "gps-cdcl"
  solver-version = 1
