# This file is autogenerated, do not edit; changes may be undone by the next 'dep ensure'.


[[projects]]
  name = "github.com/gogo/protobuf"
  packages = ["gogoproto","proto","protoc-gen-gogo/descriptor"]
  revision = "100ba4e885062801d56799d78530b73b178a78f3"
  version = "v0.4"

[[projects]]
  branch = "master"
  name = "github.com/golang/protobuf"
  packages = ["proto","ptypes/any"]
  revision = "6a1fa9404c0aebf36c879bc50152edcc953910d2"

[[projects]]
  branch = "master"
  name = "golang.org/x/net"
  packages = ["context","http2","http2/hpack","idna","internal/timeseries","lex/httplex","trace"]
  revision = "054b33e6527139ad5b1ec2f6232c3b175bd9a30c"

[[projects]]
  branch = "master"
  name = "golang.org/x/text"
  packages = ["internal/gen","internal/triegen","internal/ucd","secure/bidirule","transform","unicode/bidi","unicode/cldr","unicode/norm","unicode/rangetable"]
  revision = "cfdf022e86b4ecfb646e1efbd7db175dd623a8fa"

[[projects]]
  branch = "master"
  name = "golang.org/x/tools"
  packages = ["cmd/guru/serial","container/intsets","go/ast/astutil","go/buildutil","go/callgraph","go/callgraph/static","go/loader","go/pointer","go/ssa","go/ssa/ssautil","go/types/typeutil","refactor/importgraph"]
  revision = "bce9606b3f617bc6280aab6abbf25962c23f398d"

[[projects]]
  branch = "master"
  name = "google.golang.org/genproto"
  packages = ["googleapis/rpc/status"]
  revision = "40b7550fd0ba4b8f7e9d70ed40fcd4f3375db1de"

[[projects]]
  branch = "master"
  name = "google.golang.org/grpc"
  packages = [".","codes","credentials","grpclb/grpc_lb_v1","grpclog","internal","keepalive","metadata","naming","peer","stats","status","tap","transport"]
  revision = "93166a0b0b28148e988c11f4f15a9d92cdc3414a"

[solve-meta]
  analyzer-name = "dep"
  analyzer-version = 1
  inputs-digest = "b435d7891ec94d420615db854e5954896504379ebd091c1cfbf1cf50f68ace84"
  solver-name = "gps-cdcl"
  solver-version = 1
